PODS:
  - CoreMLHelpers (0.1.0)

DEPENDENCIES:
  - "CoreMLHelpers (from `git@github.com:hollance/CoreMLHelpers.git`)"

EXTERNAL SOURCES:
  CoreMLHelpers:
    :git: "git@github.com:hollance/CoreMLHelpers.git"

CHECKOUT OPTIONS:
  CoreMLHelpers:
    :commit: 996af54f8b89cd14978fb6a38cf45323657be4ee
    :git: "git@github.com:hollance/CoreMLHelpers.git"

SPEC CHECKSUMS:
  CoreMLHelpers: 25cc181995f16ab9168e234b0d236686cb2cdbe5

PODFILE CHECKSUM: 6d172993bc07e2ef4c0fd1dfaeb2cee6d12b28e0

COCOAPODS: 1.5.3
